
Microsoft Visual Studio Solution File, Format Version 12.00
# Visual Studio 2013
VisualStudioVersion = 12.0.21005.1
MinimumVisualStudioVersion = 10.0.40219.1
Project("{FAE04EC0-301F-11D3-BF4B-00C04F79EFBC}") = "AHC.CD.WebUI.MVC", "AHC.CD.WebUI.MVC\AHC.CD.WebUI.MVC.csproj", "{EF1EC711-35F4-43F8-AE65-2FB07A9E4E28}"
EndProject
Project("{FAE04EC0-301F-11D3-BF4B-00C04F79EFBC}") = "AHC.CD.WebUI.MVC.Tests", "AHC.CD.WebUI.MVC.Tests\AHC.CD.WebUI.MVC.Tests.csproj", "{EAAFB4D2-44C1-46BC-ACA2-36FC88A8F26B}"
EndProject
Project("{FAE04EC0-301F-11D3-BF4B-00C04F79EFBC}") = "AHC.CD.Entities", "AHC.CD.Entities\AHC.CD.Entities.csproj", "{2235A924-D738-4B2C-8A92-0FDB29865A2A}"
EndProject
Project("{FAE04EC0-301F-11D3-BF4B-00C04F79EFBC}") = "AHC.CD.Business", "AHC.CD.Business\AHC.CD.Business.csproj", "{C68B9DFD-E692-43DA-8AF1-0C0A48D912EA}"
EndProject
Project("{FAE04EC0-301F-11D3-BF4B-00C04F79EFBC}") = "AHC.CD.Exceptions", "AHC.CD.Exceptions\AHC.CD.Exceptions.csproj", "{FEB39BC7-F218-489C-8CAB-C465156E926C}"
EndProject
Project("{FAE04EC0-301F-11D3-BF4B-00C04F79EFBC}") = "AHC.CD.Resources", "AHC.CD.Resourcess\AHC.CD.Resources.csproj", "{74548728-75E6-4703-A6E0-21175EAAF503}"
EndProject
Project("{FAE04EC0-301F-11D3-BF4B-00C04F79EFBC}") = "AHC.CD.Data.Repository", "AHC.CD.Data.Repository\AHC.CD.Data.Repository.csproj", "{B81280D4-960E-40DC-AD41-7061513B38F1}"
EndProject
Project("{FAE04EC0-301F-11D3-BF4B-00C04F79EFBC}") = "AHC.CD.Data.EFRepository", "AHC.CD.Data.EFRepository\AHC.CD.Data.EFRepository.csproj", "{DB8DFB12-0B50-4DA9-965D-640511F238F9}"
EndProject
Project("{2150E333-8FDC-42A3-9474-1A3956D46DE8}") = "Presentation Layer", "Presentation Layer", "{C7EE458C-1031-4539-875B-66CF926203F7}"
EndProject
Project("{2150E333-8FDC-42A3-9474-1A3956D46DE8}") = "Business Layer", "Business Layer", "{3C33B11F-5D7B-45CC-8E83-1F9E5BF5F0C7}"
EndProject
Project("{2150E333-8FDC-42A3-9474-1A3956D46DE8}") = "Common", "Common", "{2F8F9293-ED34-4912-9E9C-711FDFCB82EF}"
EndProject
Project("{2150E333-8FDC-42A3-9474-1A3956D46DE8}") = "Data Layer", "Data Layer", "{CEE8EF5A-41A9-47A4-A3EE-19AF857D5D63}"
EndProject
Project("{2150E333-8FDC-42A3-9474-1A3956D46DE8}") = "Unit Tests", "Unit Tests", "{AFF69591-C518-4931-99B9-BA4826F5D4F8}"
EndProject
Project("{FAE04EC0-301F-11D3-BF4B-00C04F79EFBC}") = "AHC.CD.ErrorLogging", "AHC.CD.ErrorLogging\AHC.CD.ErrorLogging.csproj", "{68663493-8DD6-4E15-883C-E327963255B2}"
EndProject
Project("{FAE04EC0-301F-11D3-BF4B-00C04F79EFBC}") = "AHC.CD.Business.Tests", "AHC.DC.Business.Tests\AHC.CD.Business.Tests.csproj", "{3688F384-F01A-4753-A58C-AAEADFC39FFD}"
EndProject
Project("{FAE04EC0-301F-11D3-BF4B-00C04F79EFBC}") = "AHC.MailService", "AHC.MailService\AHC.MailService.csproj", "{CA76EA13-58A4-476E-B545-89CFA64BC40A}"
EndProject
Project("{FAE04EC0-301F-11D3-BF4B-00C04F79EFBC}") = "AHC.ActivityLogging", "AHC.ActivityLogging\AHC.ActivityLogging.csproj", "{30B0E85C-A3F0-4233-9701-ABEBCFA0338F}"
EndProject
Project("{FAE04EC0-301F-11D3-BF4B-00C04F79EFBC}") = "AHC.UtilityService", "AHC.UtilityService\AHC.UtilityService.csproj", "{DA8F4798-742A-4CA6-9CFD-81D6EE920BF1}"
EndProject
Project("{FAE04EC0-301F-11D3-BF4B-00C04F79EFBC}") = "AHC.CachingService", "AHC.CachingService\AHC.CachingService.csproj", "{F7DEB92D-59F6-4123-A6AF-B0AD562DD6C8}"
EndProject
Project("{FAE04EC0-301F-11D3-BF4B-00C04F79EFBC}") = "DBMigrationApplication", "DBMigrationApplication\DBMigrationApplication.csproj", "{16ACF1FF-D1CA-4D48-A2B7-1D6405C83C3A}"
EndProject
Project("{FAE04EC0-301F-11D3-BF4B-00C04F79EFBC}") = "AHC.JobSchedulingService", "AHC.JobSchedulingService\AHC.JobSchedulingService.csproj", "{FF9436BE-0326-40B1-824E-C4C6CE353518}"
EndProject
Global
	GlobalSection(TeamFoundationVersionControl) = preSolution
		SccNumberOfProjects = 16
		SccEnterpriseProvider = {4CA58AB2-18FA-4F8D-95D4-32DDF27D184C}
		SccTeamFoundationServer = http://123.63.246.177:8080/tfs/ahc
		SccProjectUniqueName0 = AHC.ActivityLogging\\AHC.ActivityLogging.csproj
		SccProjectTopLevelParentUniqueName0 = AHC.Credentialing.sln
		SccProjectName0 = AHC.ActivityLogging
		SccAuxPath0 = http://123.63.246.177:8080/tfs/ahc
		SccLocalPath0 = AHC.ActivityLogging
		SccProvider0 = {4CA58AB2-18FA-4F8D-95D4-32DDF27D184C}
		SccProjectUniqueName1 = AHC.CachingService\\AHC.CachingService.csproj
		SccProjectTopLevelParentUniqueName1 = AHC.Credentialing.sln
		SccProjectName1 = AHC.CachingService
		SccAuxPath1 = http://123.63.246.177:8080/tfs/ahc
		SccLocalPath1 = AHC.CachingService
		SccProvider1 = {4CA58AB2-18FA-4F8D-95D4-32DDF27D184C}
		SccProjectUniqueName2 = AHC.UtilityService\\AHC.UtilityService.csproj
		SccProjectTopLevelParentUniqueName2 = AHC.Credentialing.sln
		SccProjectName2 = AHC.UtilityService
		SccAuxPath2 = http://123.63.246.177:8080/tfs/ahc
		SccLocalPath2 = AHC.UtilityService
		SccProvider2 = {4CA58AB2-18FA-4F8D-95D4-32DDF27D184C}
		SccProjectUniqueName3 = AHC.CD.Entities\\AHC.CD.Entities.csproj
		SccProjectTopLevelParentUniqueName3 = AHC.Credentialing.sln
		SccProjectName3 = AHC.CD.Entities
		SccAuxPath3 = http://123.63.246.177:8080/tfs/ahc
		SccLocalPath3 = AHC.CD.Entities
		SccProvider3 = {4CA58AB2-18FA-4F8D-95D4-32DDF27D184C}
		SccProjectUniqueName4 = AHC.CD.Data.Repository\\AHC.CD.Data.Repository.csproj
		SccProjectTopLevelParentUniqueName4 = AHC.Credentialing.sln
		SccProjectName4 = AHC.CD.Data.Repository
		SccAuxPath4 = http://123.63.246.177:8080/tfs/ahc
		SccLocalPath4 = AHC.CD.Data.Repository
		SccProvider4 = {4CA58AB2-18FA-4F8D-95D4-32DDF27D184C}
		SccProjectUniqueName5 = AHC.CD.ErrorLogging\\AHC.CD.ErrorLogging.csproj
		SccProjectTopLevelParentUniqueName5 = AHC.Credentialing.sln
		SccProjectName5 = AHC.CD.ErrorLogging
		SccAuxPath5 = http://123.63.246.177:8080/tfs/ahc
		SccLocalPath5 = AHC.CD.ErrorLogging
		SccProvider5 = {4CA58AB2-18FA-4F8D-95D4-32DDF27D184C}
		SccProjectUniqueName6 = AHC.CD.Exceptions\\AHC.CD.Exceptions.csproj
		SccProjectTopLevelParentUniqueName6 = AHC.Credentialing.sln
		SccProjectName6 = AHC.CD.Exceptions
		SccAuxPath6 = http://123.63.246.177:8080/tfs/ahc
		SccLocalPath6 = AHC.CD.Exceptions
		SccProvider6 = {4CA58AB2-18FA-4F8D-95D4-32DDF27D184C}
		SccProjectUniqueName7 = AHC.CD.Resourcess\\AHC.CD.Resources.csproj
		SccProjectTopLevelParentUniqueName7 = AHC.Credentialing.sln
		SccProjectName7 = AHC.CD.Resourcess
		SccAuxPath7 = http://123.63.246.177:8080/tfs/ahc
		SccLocalPath7 = AHC.CD.Resourcess
		SccProvider7 = {4CA58AB2-18FA-4F8D-95D4-32DDF27D184C}
		SccProjectUniqueName8 = AHC.MailService\\AHC.MailService.csproj
		SccProjectTopLevelParentUniqueName8 = AHC.Credentialing.sln
		SccProjectName8 = AHC.MailService
		SccAuxPath8 = http://123.63.246.177:8080/tfs/ahc
		SccLocalPath8 = AHC.MailService
		SccProvider8 = {4CA58AB2-18FA-4F8D-95D4-32DDF27D184C}
		SccProjectUniqueName9 = AHC.CD.Business\\AHC.CD.Business.csproj
		SccProjectTopLevelParentUniqueName9 = AHC.Credentialing.sln
		SccProjectName9 = AHC.CD.Business
		SccAuxPath9 = http://123.63.246.177:8080/tfs/ahc
		SccLocalPath9 = AHC.CD.Business
		SccProvider9 = {4CA58AB2-18FA-4F8D-95D4-32DDF27D184C}
		SccProjectUniqueName10 = AHC.CD.Data.EFRepository\\AHC.CD.Data.EFRepository.csproj
		SccProjectTopLevelParentUniqueName10 = AHC.Credentialing.sln
		SccProjectName10 = AHC.CD.Data.EFRepository
		SccAuxPath10 = http://123.63.246.177:8080/tfs/ahc
		SccLocalPath10 = AHC.CD.Data.EFRepository
		SccProvider10 = {4CA58AB2-18FA-4F8D-95D4-32DDF27D184C}
		SccProjectUniqueName11 = AHC.JobSchedulingService\\AHC.JobSchedulingService.csproj
		SccProjectTopLevelParentUniqueName11 = AHC.Credentialing.sln
		SccProjectName11 = AHC.JobSchedulingService
		SccAuxPath11 = http://123.63.246.177:8080/tfs/ahc
		SccLocalPath11 = AHC.JobSchedulingService
		SccProvider11 = {4CA58AB2-18FA-4F8D-95D4-32DDF27D184C}
		SccProjectUniqueName12 = AHC.CD.WebUI.MVC\\AHC.CD.WebUI.MVC.csproj
		SccProjectTopLevelParentUniqueName12 = AHC.Credentialing.sln
		SccProjectName12 = AHC.CD.WebUI.MVC
		SccAuxPath12 = http://123.63.246.177:8080/tfs/ahc
		SccLocalPath12 = AHC.CD.WebUI.MVC
		SccProvider12 = {4CA58AB2-18FA-4F8D-95D4-32DDF27D184C}
		SccProjectUniqueName13 = AHC.CD.WebUI.MVC.Tests\\AHC.CD.WebUI.MVC.Tests.csproj
		SccProjectTopLevelParentUniqueName13 = AHC.Credentialing.sln
		SccProjectName13 = AHC.CD.WebUI.MVC.Tests
		SccAuxPath13 = http://123.63.246.177:8080/tfs/ahc
		SccLocalPath13 = AHC.CD.WebUI.MVC.Tests
		SccProvider13 = {4CA58AB2-18FA-4F8D-95D4-32DDF27D184C}
		SccProjectUniqueName14 = AHC.DC.Business.Tests\\AHC.CD.Business.Tests.csproj
		SccProjectTopLevelParentUniqueName14 = AHC.Credentialing.sln
		SccProjectName14 = AHC.DC.Business.Tests
		SccAuxPath14 = http://123.63.246.177:8080/tfs/ahc
		SccLocalPath14 = AHC.DC.Business.Tests
		SccProvider14 = {4CA58AB2-18FA-4F8D-95D4-32DDF27D184C}
		SccProjectUniqueName15 = DBMigrationApplication\\DBMigrationApplication.csproj
		SccProjectName15 = DBMigrationApplication
		SccAuxPath15 = http://123.63.246.177:8080/tfs/ahc
		SccLocalPath15 = DBMigrationApplication
		SccProvider15 = {4CA58AB2-18FA-4F8D-95D4-32DDF27D184C}
	EndGlobalSection
	GlobalSection(SolutionConfigurationPlatforms) = preSolution
		Debug|Any CPU = Debug|Any CPU
		Release|Any CPU = Release|Any CPU
	EndGlobalSection
	GlobalSection(ProjectConfigurationPlatforms) = postSolution
		{EF1EC711-35F4-43F8-AE65-2FB07A9E4E28}.Debug|Any CPU.ActiveCfg = Debug|Any CPU
		{EF1EC711-35F4-43F8-AE65-2FB07A9E4E28}.Debug|Any CPU.Build.0 = Debug|Any CPU
		{EF1EC711-35F4-43F8-AE65-2FB07A9E4E28}.Release|Any CPU.ActiveCfg = Release|Any CPU
		{EF1EC711-35F4-43F8-AE65-2FB07A9E4E28}.Release|Any CPU.Build.0 = Release|Any CPU
		{EAAFB4D2-44C1-46BC-ACA2-36FC88A8F26B}.Debug|Any CPU.ActiveCfg = Debug|Any CPU
		{EAAFB4D2-44C1-46BC-ACA2-36FC88A8F26B}.Debug|Any CPU.Build.0 = Debug|Any CPU
		{EAAFB4D2-44C1-46BC-ACA2-36FC88A8F26B}.Release|Any CPU.ActiveCfg = Release|Any CPU
		{EAAFB4D2-44C1-46BC-ACA2-36FC88A8F26B}.Release|Any CPU.Build.0 = Release|Any CPU
		{2235A924-D738-4B2C-8A92-0FDB29865A2A}.Debug|Any CPU.ActiveCfg = Debug|Any CPU
		{2235A924-D738-4B2C-8A92-0FDB29865A2A}.Debug|Any CPU.Build.0 = Debug|Any CPU
		{2235A924-D738-4B2C-8A92-0FDB29865A2A}.Release|Any CPU.ActiveCfg = Release|Any CPU
		{2235A924-D738-4B2C-8A92-0FDB29865A2A}.Release|Any CPU.Build.0 = Release|Any CPU
		{C68B9DFD-E692-43DA-8AF1-0C0A48D912EA}.Debug|Any CPU.ActiveCfg = Debug|Any CPU
		{C68B9DFD-E692-43DA-8AF1-0C0A48D912EA}.Debug|Any CPU.Build.0 = Debug|Any CPU
		{C68B9DFD-E692-43DA-8AF1-0C0A48D912EA}.Release|Any CPU.ActiveCfg = Release|Any CPU
		{C68B9DFD-E692-43DA-8AF1-0C0A48D912EA}.Release|Any CPU.Build.0 = Release|Any CPU
		{FEB39BC7-F218-489C-8CAB-C465156E926C}.Debug|Any CPU.ActiveCfg = Debug|Any CPU
		{FEB39BC7-F218-489C-8CAB-C465156E926C}.Debug|Any CPU.Build.0 = Debug|Any CPU
		{FEB39BC7-F218-489C-8CAB-C465156E926C}.Release|Any CPU.ActiveCfg = Release|Any CPU
		{FEB39BC7-F218-489C-8CAB-C465156E926C}.Release|Any CPU.Build.0 = Release|Any CPU
		{74548728-75E6-4703-A6E0-21175EAAF503}.Debug|Any CPU.ActiveCfg = Debug|Any CPU
		{74548728-75E6-4703-A6E0-21175EAAF503}.Debug|Any CPU.Build.0 = Debug|Any CPU
		{74548728-75E6-4703-A6E0-21175EAAF503}.Release|Any CPU.ActiveCfg = Release|Any CPU
		{74548728-75E6-4703-A6E0-21175EAAF503}.Release|Any CPU.Build.0 = Release|Any CPU
		{B81280D4-960E-40DC-AD41-7061513B38F1}.Debug|Any CPU.ActiveCfg = Debug|Any CPU
		{B81280D4-960E-40DC-AD41-7061513B38F1}.Debug|Any CPU.Build.0 = Debug|Any CPU
		{B81280D4-960E-40DC-AD41-7061513B38F1}.Release|Any CPU.ActiveCfg = Release|Any CPU
		{B81280D4-960E-40DC-AD41-7061513B38F1}.Release|Any CPU.Build.0 = Release|Any CPU
		{DB8DFB12-0B50-4DA9-965D-640511F238F9}.Debug|Any CPU.ActiveCfg = Debug|Any CPU
		{DB8DFB12-0B50-4DA9-965D-640511F238F9}.Debug|Any CPU.Build.0 = Debug|Any CPU
		{DB8DFB12-0B50-4DA9-965D-640511F238F9}.Release|Any CPU.ActiveCfg = Release|Any CPU
		{DB8DFB12-0B50-4DA9-965D-640511F238F9}.Release|Any CPU.Build.0 = Release|Any CPU
		{68663493-8DD6-4E15-883C-E327963255B2}.Debug|Any CPU.ActiveCfg = Debug|Any CPU
		{68663493-8DD6-4E15-883C-E327963255B2}.Debug|Any CPU.Build.0 = Debug|Any CPU
		{68663493-8DD6-4E15-883C-E327963255B2}.Release|Any CPU.ActiveCfg = Release|Any CPU
		{68663493-8DD6-4E15-883C-E327963255B2}.Release|Any CPU.Build.0 = Release|Any CPU
		{3688F384-F01A-4753-A58C-AAEADFC39FFD}.Debug|Any CPU.ActiveCfg = Debug|Any CPU
		{3688F384-F01A-4753-A58C-AAEADFC39FFD}.Debug|Any CPU.Build.0 = Debug|Any CPU
		{3688F384-F01A-4753-A58C-AAEADFC39FFD}.Release|Any CPU.ActiveCfg = Release|Any CPU
		{3688F384-F01A-4753-A58C-AAEADFC39FFD}.Release|Any CPU.Build.0 = Release|Any CPU
		{CA76EA13-58A4-476E-B545-89CFA64BC40A}.Debug|Any CPU.ActiveCfg = Debug|Any CPU
		{CA76EA13-58A4-476E-B545-89CFA64BC40A}.Debug|Any CPU.Build.0 = Debug|Any CPU
		{CA76EA13-58A4-476E-B545-89CFA64BC40A}.Release|Any CPU.ActiveCfg = Release|Any CPU
		{CA76EA13-58A4-476E-B545-89CFA64BC40A}.Release|Any CPU.Build.0 = Release|Any CPU
		{30B0E85C-A3F0-4233-9701-ABEBCFA0338F}.Debug|Any CPU.ActiveCfg = Debug|Any CPU
		{30B0E85C-A3F0-4233-9701-ABEBCFA0338F}.Debug|Any CPU.Build.0 = Debug|Any CPU
		{30B0E85C-A3F0-4233-9701-ABEBCFA0338F}.Release|Any CPU.ActiveCfg = Release|Any CPU
		{30B0E85C-A3F0-4233-9701-ABEBCFA0338F}.Release|Any CPU.Build.0 = Release|Any CPU
		{DA8F4798-742A-4CA6-9CFD-81D6EE920BF1}.Debug|Any CPU.ActiveCfg = Debug|Any CPU
		{DA8F4798-742A-4CA6-9CFD-81D6EE920BF1}.Debug|Any CPU.Build.0 = Debug|Any CPU
		{DA8F4798-742A-4CA6-9CFD-81D6EE920BF1}.Release|Any CPU.ActiveCfg = Release|Any CPU
		{DA8F4798-742A-4CA6-9CFD-81D6EE920BF1}.Release|Any CPU.Build.0 = Release|Any CPU
		{F7DEB92D-59F6-4123-A6AF-B0AD562DD6C8}.Debug|Any CPU.ActiveCfg = Debug|Any CPU
		{F7DEB92D-59F6-4123-A6AF-B0AD562DD6C8}.Debug|Any CPU.Build.0 = Debug|Any CPU
		{F7DEB92D-59F6-4123-A6AF-B0AD562DD6C8}.Release|Any CPU.ActiveCfg = Release|Any CPU
		{F7DEB92D-59F6-4123-A6AF-B0AD562DD6C8}.Release|Any CPU.Build.0 = Release|Any CPU
		{16ACF1FF-D1CA-4D48-A2B7-1D6405C83C3A}.Debug|Any CPU.ActiveCfg = Debug|Any CPU
		{16ACF1FF-D1CA-4D48-A2B7-1D6405C83C3A}.Debug|Any CPU.Build.0 = Debug|Any CPU
		{16ACF1FF-D1CA-4D48-A2B7-1D6405C83C3A}.Release|Any CPU.ActiveCfg = Release|Any CPU
		{16ACF1FF-D1CA-4D48-A2B7-1D6405C83C3A}.Release|Any CPU.Build.0 = Release|Any CPU
		{FF9436BE-0326-40B1-824E-C4C6CE353518}.Debug|Any CPU.ActiveCfg = Debug|Any CPU
		{FF9436BE-0326-40B1-824E-C4C6CE353518}.Debug|Any CPU.Build.0 = Debug|Any CPU
		{FF9436BE-0326-40B1-824E-C4C6CE353518}.Release|Any CPU.ActiveCfg = Release|Any CPU
		{FF9436BE-0326-40B1-824E-C4C6CE353518}.Release|Any CPU.Build.0 = Release|Any CPU
	EndGlobalSection
	GlobalSection(SolutionProperties) = preSolution
		HideSolutionNode = FALSE
	EndGlobalSection
	GlobalSection(NestedProjects) = preSolution
		{EF1EC711-35F4-43F8-AE65-2FB07A9E4E28} = {C7EE458C-1031-4539-875B-66CF926203F7}
		{EAAFB4D2-44C1-46BC-ACA2-36FC88A8F26B} = {AFF69591-C518-4931-99B9-BA4826F5D4F8}
		{3688F384-F01A-4753-A58C-AAEADFC39FFD} = {AFF69591-C518-4931-99B9-BA4826F5D4F8}
		{FEB39BC7-F218-489C-8CAB-C465156E926C} = {2F8F9293-ED34-4912-9E9C-711FDFCB82EF}
		{74548728-75E6-4703-A6E0-21175EAAF503} = {2F8F9293-ED34-4912-9E9C-711FDFCB82EF}
		{2235A924-D738-4B2C-8A92-0FDB29865A2A} = {2F8F9293-ED34-4912-9E9C-711FDFCB82EF}
		{68663493-8DD6-4E15-883C-E327963255B2} = {2F8F9293-ED34-4912-9E9C-711FDFCB82EF}
		{CA76EA13-58A4-476E-B545-89CFA64BC40A} = {2F8F9293-ED34-4912-9E9C-711FDFCB82EF}
		{30B0E85C-A3F0-4233-9701-ABEBCFA0338F} = {2F8F9293-ED34-4912-9E9C-711FDFCB82EF}
		{DA8F4798-742A-4CA6-9CFD-81D6EE920BF1} = {2F8F9293-ED34-4912-9E9C-711FDFCB82EF}
		{F7DEB92D-59F6-4123-A6AF-B0AD562DD6C8} = {2F8F9293-ED34-4912-9E9C-711FDFCB82EF}
		{FF9436BE-0326-40B1-824E-C4C6CE353518} = {2F8F9293-ED34-4912-9E9C-711FDFCB82EF}
		{C68B9DFD-E692-43DA-8AF1-0C0A48D912EA} = {3C33B11F-5D7B-45CC-8E83-1F9E5BF5F0C7}
		{DB8DFB12-0B50-4DA9-965D-640511F238F9} = {CEE8EF5A-41A9-47A4-A3EE-19AF857D5D63}
		{B81280D4-960E-40DC-AD41-7061513B38F1} = {CEE8EF5A-41A9-47A4-A3EE-19AF857D5D63}
	EndGlobalSection
EndGlobal
