
Microsoft Visual Studio Solution File, Format Version 12.00
# Visual Studio 2013
VisualStudioVersion = 12.0.21005.1
MinimumVisualStudioVersion = 10.0.40219.1
Project("{FAE04EC0-301F-11D3-BF4B-00C04F79EFBC}") = "UIThemes_Layout", "UIThemes_Layout\UIThemes_Layout.csproj", "{20C32CD2-9762-4CC7-896E-EC224A90B372}"
EndProject
Global
	GlobalSection(TeamFoundationVersionControl) = preSolution
		SccNumberOfProjects = 2
		SccEnterpriseProvider = {4CA58AB2-18FA-4F8D-95D4-32DDF27D184C}
		SccTeamFoundationServer = http://192.61.99.159/tfs/ahc
		SccLocalPath0 = .
		SccProjectUniqueName1 = UIThemes_Layout\\UIThemes_Layout.csproj
		SccProjectName1 = UIThemes_Layout
		SccLocalPath1 = UIThemes_Layout
	EndGlobalSection
	GlobalSection(SolutionConfigurationPlatforms) = preSolution
		Debug|Any CPU = Debug|Any CPU
		Release|Any CPU = Release|Any CPU
	EndGlobalSection
	GlobalSection(ProjectConfigurationPlatforms) = postSolution
		{20C32CD2-9762-4CC7-896E-EC224A90B372}.Debug|Any CPU.ActiveCfg = Debug|Any CPU
		{20C32CD2-9762-4CC7-896E-EC224A90B372}.Debug|Any CPU.Build.0 = Debug|Any CPU
		{20C32CD2-9762-4CC7-896E-EC224A90B372}.Release|Any CPU.ActiveCfg = Release|Any CPU
		{20C32CD2-9762-4CC7-896E-EC224A90B372}.Release|Any CPU.Build.0 = Release|Any CPU
	EndGlobalSection
	GlobalSection(SolutionProperties) = preSolution
		HideSolutionNode = FALSE
	EndGlobalSection
EndGlobal
