
Microsoft Visual Studio Solution File, Format Version 12.00
# Visual Studio 2013
VisualStudioVersion = 12.0.31101.0
MinimumVisualStudioVersion = 10.0.40219.1
Project("{FAE04EC0-301F-11D3-BF4B-00C04F79EFBC}") = "AHC.CD.WebUI.MVC", "AHC.CD.WebUI.MVC\AHC.CD.WebUI.MVC.csproj", "{EF1EC711-35F4-43F8-AE65-2FB07A9E4E28}"
EndProject
Project("{FAE04EC0-301F-11D3-BF4B-00C04F79EFBC}") = "AHC.CD.WebUI.MVC.Tests", "AHC.CD.WebUI.MVC.Tests\AHC.CD.WebUI.MVC.Tests.csproj", "{EAAFB4D2-44C1-46BC-ACA2-36FC88A8F26B}"
EndProject
Project("{FAE04EC0-301F-11D3-BF4B-00C04F79EFBC}") = "AHC.CD.Entities", "AHC.CD.Entities\AHC.CD.Entities.csproj", "{2235A924-D738-4B2C-8A92-0FDB29865A2A}"
EndProject
Project("{FAE04EC0-301F-11D3-BF4B-00C04F79EFBC}") = "AHC.CD.Business", "AHC.CD.Business\AHC.CD.Business.csproj", "{C68B9DFD-E692-43DA-8AF1-0C0A48D912EA}"
EndProject
Project("{FAE04EC0-301F-11D3-BF4B-00C04F79EFBC}") = "AHC.CD.Exceptions", "AHC.CD.Exceptions\AHC.CD.Exceptions.csproj", "{FEB39BC7-F218-489C-8CAB-C465156E926C}"
EndProject
Project("{FAE04EC0-301F-11D3-BF4B-00C04F79EFBC}") = "AHC.CD.Resources", "AHC.CD.Resourcess\AHC.CD.Resources.csproj", "{74548728-75E6-4703-A6E0-21175EAAF503}"
EndProject
Project("{FAE04EC0-301F-11D3-BF4B-00C04F79EFBC}") = "AHC.CD.Data.Repository", "AHC.CD.Data.Repository\AHC.CD.Data.Repository.csproj", "{B81280D4-960E-40DC-AD41-7061513B38F1}"
EndProject
Project("{FAE04EC0-301F-11D3-BF4B-00C04F79EFBC}") = "AHC.CD.Data.EFRepository", "AHC.CD.Data.EFRepository\AHC.CD.Data.EFRepository.csproj", "{DB8DFB12-0B50-4DA9-965D-640511F238F9}"
EndProject
Project("{2150E333-8FDC-42A3-9474-1A3956D46DE8}") = "Presentation Layer", "Presentation Layer", "{C7EE458C-1031-4539-875B-66CF926203F7}"
EndProject
Project("{2150E333-8FDC-42A3-9474-1A3956D46DE8}") = "Business Layer", "Business Layer", "{3C33B11F-5D7B-45CC-8E83-1F9E5BF5F0C7}"
EndProject
Project("{2150E333-8FDC-42A3-9474-1A3956D46DE8}") = "Common", "Common", "{2F8F9293-ED34-4912-9E9C-711FDFCB82EF}"
EndProject
Project("{2150E333-8FDC-42A3-9474-1A3956D46DE8}") = "Data Layer", "Data Layer", "{CEE8EF5A-41A9-47A4-A3EE-19AF857D5D63}"
EndProject
Project("{2150E333-8FDC-42A3-9474-1A3956D46DE8}") = "Unit Tests", "Unit Tests", "{AFF69591-C518-4931-99B9-BA4826F5D4F8}"
EndProject
Project("{FAE04EC0-301F-11D3-BF4B-00C04F79EFBC}") = "AHC.CD.ErrorLogging", "AHC.CD.ErrorLogging\AHC.CD.ErrorLogging.csproj", "{68663493-8DD6-4E15-883C-E327963255B2}"
EndProject
Project("{FAE04EC0-301F-11D3-BF4B-00C04F79EFBC}") = "AHC.CD.Business.Tests", "AHC.DC.Business.Tests\AHC.CD.Business.Tests.csproj", "{3688F384-F01A-4753-A58C-AAEADFC39FFD}"
EndProject
Project("{FAE04EC0-301F-11D3-BF4B-00C04F79EFBC}") = "AHC.MailService", "AHC.MailService\AHC.MailService.csproj", "{CA76EA13-58A4-476E-B545-89CFA64BC40A}"
EndProject
Project("{FAE04EC0-301F-11D3-BF4B-00C04F79EFBC}") = "AHC.ActivityLogging", "AHC.ActivityLogging\AHC.ActivityLogging.csproj", "{30B0E85C-A3F0-4233-9701-ABEBCFA0338F}"
EndProject
Project("{FAE04EC0-301F-11D3-BF4B-00C04F79EFBC}") = "AHC.UtilityService", "AHC.UtilityService\AHC.UtilityService.csproj", "{DA8F4798-742A-4CA6-9CFD-81D6EE920BF1}"
EndProject
Project("{FAE04EC0-301F-11D3-BF4B-00C04F79EFBC}") = "AHC.CachingService", "AHC.CachingService\AHC.CachingService.csproj", "{F7DEB92D-59F6-4123-A6AF-B0AD562DD6C8}"
EndProject
Global
	GlobalSection(SolutionConfigurationPlatforms) = preSolution
		Debug|Any CPU = Debug|Any CPU
		Release|Any CPU = Release|Any CPU
	EndGlobalSection
	GlobalSection(ProjectConfigurationPlatforms) = postSolution
		{EF1EC711-35F4-43F8-AE65-2FB07A9E4E28}.Debug|Any CPU.ActiveCfg = Debug|Any CPU
		{EF1EC711-35F4-43F8-AE65-2FB07A9E4E28}.Debug|Any CPU.Build.0 = Debug|Any CPU
		{EF1EC711-35F4-43F8-AE65-2FB07A9E4E28}.Release|Any CPU.ActiveCfg = Release|Any CPU
		{EF1EC711-35F4-43F8-AE65-2FB07A9E4E28}.Release|Any CPU.Build.0 = Release|Any CPU
		{EAAFB4D2-44C1-46BC-ACA2-36FC88A8F26B}.Debug|Any CPU.ActiveCfg = Debug|Any CPU
		{EAAFB4D2-44C1-46BC-ACA2-36FC88A8F26B}.Debug|Any CPU.Build.0 = Debug|Any CPU
		{EAAFB4D2-44C1-46BC-ACA2-36FC88A8F26B}.Release|Any CPU.ActiveCfg = Release|Any CPU
		{EAAFB4D2-44C1-46BC-ACA2-36FC88A8F26B}.Release|Any CPU.Build.0 = Release|Any CPU
		{2235A924-D738-4B2C-8A92-0FDB29865A2A}.Debug|Any CPU.ActiveCfg = Debug|Any CPU
		{2235A924-D738-4B2C-8A92-0FDB29865A2A}.Debug|Any CPU.Build.0 = Debug|Any CPU
		{2235A924-D738-4B2C-8A92-0FDB29865A2A}.Release|Any CPU.ActiveCfg = Release|Any CPU
		{2235A924-D738-4B2C-8A92-0FDB29865A2A}.Release|Any CPU.Build.0 = Release|Any CPU
		{C68B9DFD-E692-43DA-8AF1-0C0A48D912EA}.Debug|Any CPU.ActiveCfg = Debug|Any CPU
		{C68B9DFD-E692-43DA-8AF1-0C0A48D912EA}.Debug|Any CPU.Build.0 = Debug|Any CPU
		{C68B9DFD-E692-43DA-8AF1-0C0A48D912EA}.Release|Any CPU.ActiveCfg = Release|Any CPU
		{C68B9DFD-E692-43DA-8AF1-0C0A48D912EA}.Release|Any CPU.Build.0 = Release|Any CPU
		{FEB39BC7-F218-489C-8CAB-C465156E926C}.Debug|Any CPU.ActiveCfg = Debug|Any CPU
		{FEB39BC7-F218-489C-8CAB-C465156E926C}.Debug|Any CPU.Build.0 = Debug|Any CPU
		{FEB39BC7-F218-489C-8CAB-C465156E926C}.Release|Any CPU.ActiveCfg = Release|Any CPU
		{FEB39BC7-F218-489C-8CAB-C465156E926C}.Release|Any CPU.Build.0 = Release|Any CPU
		{74548728-75E6-4703-A6E0-21175EAAF503}.Debug|Any CPU.ActiveCfg = Debug|Any CPU
		{74548728-75E6-4703-A6E0-21175EAAF503}.Debug|Any CPU.Build.0 = Debug|Any CPU
		{74548728-75E6-4703-A6E0-21175EAAF503}.Release|Any CPU.ActiveCfg = Release|Any CPU
		{74548728-75E6-4703-A6E0-21175EAAF503}.Release|Any CPU.Build.0 = Release|Any CPU
		{B81280D4-960E-40DC-AD41-7061513B38F1}.Debug|Any CPU.ActiveCfg = Debug|Any CPU
		{B81280D4-960E-40DC-AD41-7061513B38F1}.Debug|Any CPU.Build.0 = Debug|Any CPU
		{B81280D4-960E-40DC-AD41-7061513B38F1}.Release|Any CPU.ActiveCfg = Release|Any CPU
		{B81280D4-960E-40DC-AD41-7061513B38F1}.Release|Any CPU.Build.0 = Release|Any CPU
		{DB8DFB12-0B50-4DA9-965D-640511F238F9}.Debug|Any CPU.ActiveCfg = Debug|Any CPU
		{DB8DFB12-0B50-4DA9-965D-640511F238F9}.Debug|Any CPU.Build.0 = Debug|Any CPU
		{DB8DFB12-0B50-4DA9-965D-640511F238F9}.Release|Any CPU.ActiveCfg = Release|Any CPU
		{DB8DFB12-0B50-4DA9-965D-640511F238F9}.Release|Any CPU.Build.0 = Release|Any CPU
		{68663493-8DD6-4E15-883C-E327963255B2}.Debug|Any CPU.ActiveCfg = Debug|Any CPU
		{68663493-8DD6-4E15-883C-E327963255B2}.Debug|Any CPU.Build.0 = Debug|Any CPU
		{68663493-8DD6-4E15-883C-E327963255B2}.Release|Any CPU.ActiveCfg = Release|Any CPU
		{68663493-8DD6-4E15-883C-E327963255B2}.Release|Any CPU.Build.0 = Release|Any CPU
		{3688F384-F01A-4753-A58C-AAEADFC39FFD}.Debug|Any CPU.ActiveCfg = Debug|Any CPU
		{3688F384-F01A-4753-A58C-AAEADFC39FFD}.Debug|Any CPU.Build.0 = Debug|Any CPU
		{3688F384-F01A-4753-A58C-AAEADFC39FFD}.Release|Any CPU.ActiveCfg = Release|Any CPU
		{3688F384-F01A-4753-A58C-AAEADFC39FFD}.Release|Any CPU.Build.0 = Release|Any CPU
		{CA76EA13-58A4-476E-B545-89CFA64BC40A}.Debug|Any CPU.ActiveCfg = Debug|Any CPU
		{CA76EA13-58A4-476E-B545-89CFA64BC40A}.Debug|Any CPU.Build.0 = Debug|Any CPU
		{CA76EA13-58A4-476E-B545-89CFA64BC40A}.Release|Any CPU.ActiveCfg = Release|Any CPU
		{CA76EA13-58A4-476E-B545-89CFA64BC40A}.Release|Any CPU.Build.0 = Release|Any CPU
		{30B0E85C-A3F0-4233-9701-ABEBCFA0338F}.Debug|Any CPU.ActiveCfg = Debug|Any CPU
		{30B0E85C-A3F0-4233-9701-ABEBCFA0338F}.Debug|Any CPU.Build.0 = Debug|Any CPU
		{30B0E85C-A3F0-4233-9701-ABEBCFA0338F}.Release|Any CPU.ActiveCfg = Release|Any CPU
		{30B0E85C-A3F0-4233-9701-ABEBCFA0338F}.Release|Any CPU.Build.0 = Release|Any CPU
		{DA8F4798-742A-4CA6-9CFD-81D6EE920BF1}.Debug|Any CPU.ActiveCfg = Debug|Any CPU
		{DA8F4798-742A-4CA6-9CFD-81D6EE920BF1}.Debug|Any CPU.Build.0 = Debug|Any CPU
		{DA8F4798-742A-4CA6-9CFD-81D6EE920BF1}.Release|Any CPU.ActiveCfg = Release|Any CPU
		{DA8F4798-742A-4CA6-9CFD-81D6EE920BF1}.Release|Any CPU.Build.0 = Release|Any CPU
		{F7DEB92D-59F6-4123-A6AF-B0AD562DD6C8}.Debug|Any CPU.ActiveCfg = Debug|Any CPU
		{F7DEB92D-59F6-4123-A6AF-B0AD562DD6C8}.Debug|Any CPU.Build.0 = Debug|Any CPU
		{F7DEB92D-59F6-4123-A6AF-B0AD562DD6C8}.Release|Any CPU.ActiveCfg = Release|Any CPU
		{F7DEB92D-59F6-4123-A6AF-B0AD562DD6C8}.Release|Any CPU.Build.0 = Release|Any CPU
	EndGlobalSection
	GlobalSection(SolutionProperties) = preSolution
		HideSolutionNode = FALSE
	EndGlobalSection
	GlobalSection(NestedProjects) = preSolution
		{EF1EC711-35F4-43F8-AE65-2FB07A9E4E28} = {C7EE458C-1031-4539-875B-66CF926203F7}
		{EAAFB4D2-44C1-46BC-ACA2-36FC88A8F26B} = {AFF69591-C518-4931-99B9-BA4826F5D4F8}
		{2235A924-D738-4B2C-8A92-0FDB29865A2A} = {2F8F9293-ED34-4912-9E9C-711FDFCB82EF}
		{C68B9DFD-E692-43DA-8AF1-0C0A48D912EA} = {3C33B11F-5D7B-45CC-8E83-1F9E5BF5F0C7}
		{FEB39BC7-F218-489C-8CAB-C465156E926C} = {2F8F9293-ED34-4912-9E9C-711FDFCB82EF}
		{74548728-75E6-4703-A6E0-21175EAAF503} = {2F8F9293-ED34-4912-9E9C-711FDFCB82EF}
		{B81280D4-960E-40DC-AD41-7061513B38F1} = {CEE8EF5A-41A9-47A4-A3EE-19AF857D5D63}
		{DB8DFB12-0B50-4DA9-965D-640511F238F9} = {CEE8EF5A-41A9-47A4-A3EE-19AF857D5D63}
		{68663493-8DD6-4E15-883C-E327963255B2} = {2F8F9293-ED34-4912-9E9C-711FDFCB82EF}
		{3688F384-F01A-4753-A58C-AAEADFC39FFD} = {AFF69591-C518-4931-99B9-BA4826F5D4F8}
		{CA76EA13-58A4-476E-B545-89CFA64BC40A} = {2F8F9293-ED34-4912-9E9C-711FDFCB82EF}
		{30B0E85C-A3F0-4233-9701-ABEBCFA0338F} = {2F8F9293-ED34-4912-9E9C-711FDFCB82EF}
		{DA8F4798-742A-4CA6-9CFD-81D6EE920BF1} = {2F8F9293-ED34-4912-9E9C-711FDFCB82EF}
		{F7DEB92D-59F6-4123-A6AF-B0AD562DD6C8} = {2F8F9293-ED34-4912-9E9C-711FDFCB82EF}
	EndGlobalSection
EndGlobal
